
Microsoft Visual Studio Solution File, Format Version 12.00
# Visual Studio Version 17
VisualStudioVersion = 17.3.32804.467
MinimumVisualStudioVersion = 10.0.40219.1
Project("{9A19103F-16F7-4668-BE54-9A1E7A4F7556}") = "Entities", "Entities\Entities.csproj", "{8C187B87-85D7-4DC1-A8B7-D81FDB3CCF09}"
EndProject
Project("{9A19103F-16F7-4668-BE54-9A1E7A4F7556}") = "Core", "Core\Core.csproj", "{39480BB9-A8C2-4435-AB57-A23FDA04A8F9}"
EndProject
Project("{FAE04EC0-301F-11D3-BF4B-00C04F79EFBC}") = "DataAccess", "DataAccess\DataAccess.csproj", "{D669420E-97CD-44E5-A550-4EB3E7894290}"
EndProject
Project("{FAE04EC0-301F-11D3-BF4B-00C04F79EFBC}") = "Business", "Business\Business.csproj", "{EEC17625-E574-4637-8B6C-C2A87D7983DC}"
EndProject
Project("{FAE04EC0-301F-11D3-BF4B-00C04F79EFBC}") = "WebApi", "WebApi\WebApi.csproj", "{491B540D-F20F-4383-81F2-D6F7EE947465}"
EndProject
Global
	GlobalSection(SolutionConfigurationPlatforms) = preSolution
		Debug|Any CPU = Debug|Any CPU
		Release|Any CPU = Release|Any CPU
	EndGlobalSection
	GlobalSection(ProjectConfigurationPlatforms) = postSolution
		{8C187B87-85D7-4DC1-A8B7-D81FDB3CCF09}.Debug|Any CPU.ActiveCfg = Debug|Any CPU
		{8C187B87-85D7-4DC1-A8B7-D81FDB3CCF09}.Debug|Any CPU.Build.0 = Debug|Any CPU
		{8C187B87-85D7-4DC1-A8B7-D81FDB3CCF09}.Release|Any CPU.ActiveCfg = Release|Any CPU
		{8C187B87-85D7-4DC1-A8B7-D81FDB3CCF09}.Release|Any CPU.Build.0 = Release|Any CPU
		{39480BB9-A8C2-4435-AB57-A23FDA04A8F9}.Debug|Any CPU.ActiveCfg = Debug|Any CPU
		{39480BB9-A8C2-4435-AB57-A23FDA04A8F9}.Debug|Any CPU.Build.0 = Debug|Any CPU
		{39480BB9-A8C2-4435-AB57-A23FDA04A8F9}.Release|Any CPU.ActiveCfg = Release|Any CPU
		{39480BB9-A8C2-4435-AB57-A23FDA04A8F9}.Release|Any CPU.Build.0 = Release|Any CPU
		{D669420E-97CD-44E5-A550-4EB3E7894290}.Debug|Any CPU.ActiveCfg = Debug|Any CPU
		{D669420E-97CD-44E5-A550-4EB3E7894290}.Debug|Any CPU.Build.0 = Debug|Any CPU
		{D669420E-97CD-44E5-A550-4EB3E7894290}.Release|Any CPU.ActiveCfg = Release|Any CPU
		{D669420E-97CD-44E5-A550-4EB3E7894290}.Release|Any CPU.Build.0 = Release|Any CPU
		{EEC17625-E574-4637-8B6C-C2A87D7983DC}.Debug|Any CPU.ActiveCfg = Debug|Any CPU
		{EEC17625-E574-4637-8B6C-C2A87D7983DC}.Debug|Any CPU.Build.0 = Debug|Any CPU
		{EEC17625-E574-4637-8B6C-C2A87D7983DC}.Release|Any CPU.ActiveCfg = Release|Any CPU
		{EEC17625-E574-4637-8B6C-C2A87D7983DC}.Release|Any CPU.Build.0 = Release|Any CPU
		{491B540D-F20F-4383-81F2-D6F7EE947465}.Debug|Any CPU.ActiveCfg = Debug|Any CPU
		{491B540D-F20F-4383-81F2-D6F7EE947465}.Debug|Any CPU.Build.0 = Debug|Any CPU
		{491B540D-F20F-4383-81F2-D6F7EE947465}.Release|Any CPU.ActiveCfg = Release|Any CPU
		{491B540D-F20F-4383-81F2-D6F7EE947465}.Release|Any CPU.Build.0 = Release|Any CPU
	EndGlobalSection
	GlobalSection(SolutionProperties) = preSolution
		HideSolutionNode = FALSE
	EndGlobalSection
	GlobalSection(ExtensibilityGlobals) = postSolution
		SolutionGuid = {90F07B5F-633B-41F4-B474-234C0142771A}
	EndGlobalSection
EndGlobal
